// !$*UTF8*$!
{
	archiveVersion = 1;
	classes = {
	};
	objectVersion = 54;
	objects = {

/* Begin PBXBuildFile section */
		68A221554F8FCEED0A571F8D /* Pods_Keychain.framework in Frameworks */ = {isa = PBXBuildFile; fileRef = 547EBFA7F4EC94049EE0F005 /* Pods_Keychain.framework */; };
		FA32FBBD275CB04300A02E4E /* AppDelegate.swift in Sources */ = {isa = PBXBuildFile; fileRef = FA32FBBC275CB04300A02E4E /* AppDelegate.swift */; };
		FA32FBBF275CB04300A02E4E /* SceneDelegate.swift in Sources */ = {isa = PBXBuildFile; fileRef = FA32FBBE275CB04300A02E4E /* SceneDelegate.swift */; };
		FA32FBC4275CB04300A02E4E /* Main.storyboard in Resources */ = {isa = PBXBuildFile; fileRef = FA32FBC2275CB04300A02E4E /* Main.storyboard */; };
		FA32FBC6275CB04500A02E4E /* Assets.xcassets in Resources */ = {isa = PBXBuildFile; fileRef = FA32FBC5275CB04500A02E4E /* Assets.xcassets */; };
		FA32FBC9275CB04500A02E4E /* LaunchScreen.storyboard in Resources */ = {isa = PBXBuildFile; fileRef = FA32FBC7275CB04500A02E4E /* LaunchScreen.storyboard */; };
		FA32FBD5275CBA0800A02E4E /* SignUp.swift in Sources */ = {isa = PBXBuildFile; fileRef = FA32FBD4275CBA0800A02E4E /* SignUp.swift */; };
		FA32FBD7275CBA1300A02E4E /* SignIn.swift in Sources */ = {isa = PBXBuildFile; fileRef = FA32FBD6275CBA1300A02E4E /* SignIn.swift */; };
		FA32FBD9275CBA2100A02E4E /* Content.swift in Sources */ = {isa = PBXBuildFile; fileRef = FA32FBD8275CBA2100A02E4E /* Content.swift */; };
		FA32FBE1275CBE0400A02E4E /* KeychainManager.swift in Sources */ = {isa = PBXBuildFile; fileRef = FA32FBE0275CBE0400A02E4E /* KeychainManager.swift */; };
		FA798315275F5647007E5F0E /* R.generated.swift in Sources */ = {isa = PBXBuildFile; fileRef = FA798314275F5647007E5F0E /* R.generated.swift */; };
		FA798318275F598E007E5F0E /* Localizable.strings in Resources */ = {isa = PBXBuildFile; fileRef = FA79831A275F598E007E5F0E /* Localizable.strings */; };
/* End PBXBuildFile section */

/* Begin PBXFileReference section */
		547EBFA7F4EC94049EE0F005 /* Pods_Keychain.framework */ = {isa = PBXFileReference; explicitFileType = wrapper.framework; includeInIndex = 0; path = Pods_Keychain.framework; sourceTree = BUILT_PRODUCTS_DIR; };
		548E36EE4F8031F36476B081 /* Pods-Keychain.debug.xcconfig */ = {isa = PBXFileReference; includeInIndex = 1; lastKnownFileType = text.xcconfig; name = "Pods-Keychain.debug.xcconfig"; path = "Target Support Files/Pods-Keychain/Pods-Keychain.debug.xcconfig"; sourceTree = "<group>"; };
		92045FF0EBF6D15023D01567 /* Pods-Keychain.release.xcconfig */ = {isa = PBXFileReference; includeInIndex = 1; lastKnownFileType = text.xcconfig; name = "Pods-Keychain.release.xcconfig"; path = "Target Support Files/Pods-Keychain/Pods-Keychain.release.xcconfig"; sourceTree = "<group>"; };
		FA32FBB9275CB04300A02E4E /* Keychain.app */ = {isa = PBXFileReference; explicitFileType = wrapper.application; includeInIndex = 0; path = Keychain.app; sourceTree = BUILT_PRODUCTS_DIR; };
		FA32FBBC275CB04300A02E4E /* AppDelegate.swift */ = {isa = PBXFileReference; lastKnownFileType = sourcecode.swift; path = AppDelegate.swift; sourceTree = "<group>"; };
		FA32FBBE275CB04300A02E4E /* SceneDelegate.swift */ = {isa = PBXFileReference; lastKnownFileType = sourcecode.swift; path = SceneDelegate.swift; sourceTree = "<group>"; };
		FA32FBC3275CB04300A02E4E /* Base */ = {isa = PBXFileReference; lastKnownFileType = file.storyboard; name = Base; path = Base.lproj/Main.storyboard; sourceTree = "<group>"; };
		FA32FBC5275CB04500A02E4E /* Assets.xcassets */ = {isa = PBXFileReference; lastKnownFileType = folder.assetcatalog; path = Assets.xcassets; sourceTree = "<group>"; };
		FA32FBC8275CB04500A02E4E /* Base */ = {isa = PBXFileReference; lastKnownFileType = file.storyboard; name = Base; path = Base.lproj/LaunchScreen.storyboard; sourceTree = "<group>"; };
		FA32FBCA275CB04500A02E4E /* Info.plist */ = {isa = PBXFileReference; lastKnownFileType = text.plist.xml; path = Info.plist; sourceTree = "<group>"; };
		FA32FBD4275CBA0800A02E4E /* SignUp.swift */ = {isa = PBXFileReference; lastKnownFileType = sourcecode.swift; path = SignUp.swift; sourceTree = "<group>"; };
		FA32FBD6275CBA1300A02E4E /* SignIn.swift */ = {isa = PBXFileReference; lastKnownFileType = sourcecode.swift; path = SignIn.swift; sourceTree = "<group>"; };
		FA32FBD8275CBA2100A02E4E /* Content.swift */ = {isa = PBXFileReference; lastKnownFileType = sourcecode.swift; path = Content.swift; sourceTree = "<group>"; };
		FA32FBE0275CBE0400A02E4E /* KeychainManager.swift */ = {isa = PBXFileReference; lastKnownFileType = sourcecode.swift; path = KeychainManager.swift; sourceTree = "<group>"; };
		FA798314275F5647007E5F0E /* R.generated.swift */ = {isa = PBXFileReference; fileEncoding = 4; lastKnownFileType = sourcecode.swift; path = R.generated.swift; sourceTree = SOURCE_ROOT; };
		FA798319275F598E007E5F0E /* en */ = {isa = PBXFileReference; lastKnownFileType = text.plist.strings; name = en; path = en.lproj/Localizable.strings; sourceTree = "<group>"; };
		FA79831B275F599D007E5F0E /* ru */ = {isa = PBXFileReference; lastKnownFileType = text.plist.strings; name = ru; path = ru.lproj/Localizable.strings; sourceTree = "<group>"; };
/* End PBXFileReference section */

/* Begin PBXFrameworksBuildPhase section */
		FA32FBB6275CB04300A02E4E /* Frameworks */ = {
			isa = PBXFrameworksBuildPhase;
			buildActionMask = 2147483647;
			files = (
				68A221554F8FCEED0A571F8D /* Pods_Keychain.framework in Frameworks */,
			);
			runOnlyForDeploymentPostprocessing = 0;
		};
/* End PBXFrameworksBuildPhase section */

/* Begin PBXGroup section */
		2D657780A4FC01D79E9E2C47 /* Frameworks */ = {
			isa = PBXGroup;
			children = (
				547EBFA7F4EC94049EE0F005 /* Pods_Keychain.framework */,
			);
			name = Frameworks;
			sourceTree = "<group>";
		};
		77301771771206196E0E9B85 /* Pods */ = {
			isa = PBXGroup;
			children = (
				548E36EE4F8031F36476B081 /* Pods-Keychain.debug.xcconfig */,
				92045FF0EBF6D15023D01567 /* Pods-Keychain.release.xcconfig */,
			);
			path = Pods;
			sourceTree = "<group>";
		};
		FA32FBB0275CB04300A02E4E = {
			isa = PBXGroup;
			children = (
				FA32FBBB275CB04300A02E4E /* Keychain */,
				FA32FBBA275CB04300A02E4E /* Products */,
				77301771771206196E0E9B85 /* Pods */,
				2D657780A4FC01D79E9E2C47 /* Frameworks */,
			);
			sourceTree = "<group>";
		};
		FA32FBBA275CB04300A02E4E /* Products */ = {
			isa = PBXGroup;
			children = (
				FA32FBB9275CB04300A02E4E /* Keychain.app */,
			);
			name = Products;
			sourceTree = "<group>";
		};
		FA32FBBB275CB04300A02E4E /* Keychain */ = {
			isa = PBXGroup;
			children = (
				FA32FBD1275CB9DC00A02E4E /* Services */,
				FA32FBD0275CB9D600A02E4E /* Controller */,
				FA798314275F5647007E5F0E /* R.generated.swift */,
				FA32FBBC275CB04300A02E4E /* AppDelegate.swift */,
				FA32FBBE275CB04300A02E4E /* SceneDelegate.swift */,
				FA32FBC2275CB04300A02E4E /* Main.storyboard */,
				FA32FBC5275CB04500A02E4E /* Assets.xcassets */,
				FA32FBC7275CB04500A02E4E /* LaunchScreen.storyboard */,
				FA32FBCA275CB04500A02E4E /* Info.plist */,
				FA79831A275F598E007E5F0E /* Localizable.strings */,
			);
			path = Keychain;
			sourceTree = "<group>";
		};
		FA32FBD0275CB9D600A02E4E /* Controller */ = {
			isa = PBXGroup;
			children = (
				FA32FBD6275CBA1300A02E4E /* SignIn.swift */,
				FA32FBD4275CBA0800A02E4E /* SignUp.swift */,
				FA32FBD8275CBA2100A02E4E /* Content.swift */,
			);
			path = Controller;
			sourceTree = "<group>";
		};
		FA32FBD1275CB9DC00A02E4E /* Services */ = {
			isa = PBXGroup;
			children = (
				FA32FBE0275CBE0400A02E4E /* KeychainManager.swift */,
			);
			path = Services;
			sourceTree = "<group>";
		};
/* End PBXGroup section */

/* Begin PBXNativeTarget section */
		FA32FBB8275CB04300A02E4E /* Keychain */ = {
			isa = PBXNativeTarget;
			buildConfigurationList = FA32FBCD275CB04500A02E4E /* Build configuration list for PBXNativeTarget "Keychain" */;
			buildPhases = (
				0F5380DA1BB324769DE7B176 /* [CP] Check Pods Manifest.lock */,
				FA798313275F5578007E5F0E /* ShellScript */,
				FA32FBB5275CB04300A02E4E /* Sources */,
				FA32FBB6275CB04300A02E4E /* Frameworks */,
				FA32FBB7275CB04300A02E4E /* Resources */,
				9CE5C921D55E58D15C046F1F /* [CP] Embed Pods Frameworks */,
			);
			buildRules = (
			);
			dependencies = (
			);
			name = Keychain;
			productName = Keychain;
			productReference = FA32FBB9275CB04300A02E4E /* Keychain.app */;
			productType = "com.apple.product-type.application";
		};
/* End PBXNativeTarget section */

/* Begin PBXProject section */
		FA32FBB1275CB04300A02E4E /* Project object */ = {
			isa = PBXProject;
			attributes = {
				LastSwiftUpdateCheck = 1250;
				LastUpgradeCheck = 1250;
				TargetAttributes = {
					FA32FBB8275CB04300A02E4E = {
						CreatedOnToolsVersion = 12.5.1;
					};
				};
			};
			buildConfigurationList = FA32FBB4275CB04300A02E4E /* Build configuration list for PBXProject "Keychain" */;
			compatibilityVersion = "Xcode 9.3";
			developmentRegion = en;
			hasScannedForEncodings = 0;
			knownRegions = (
				en,
				Base,
				ru,
			);
			mainGroup = FA32FBB0275CB04300A02E4E;
			productRefGroup = FA32FBBA275CB04300A02E4E /* Products */;
			projectDirPath = "";
			projectRoot = "";
			targets = (
				FA32FBB8275CB04300A02E4E /* Keychain */,
			);
		};
/* End PBXProject section */

/* Begin PBXResourcesBuildPhase section */
		FA32FBB7275CB04300A02E4E /* Resources */ = {
			isa = PBXResourcesBuildPhase;
			buildActionMask = 2147483647;
			files = (
				FA32FBC9275CB04500A02E4E /* LaunchScreen.storyboard in Resources */,
				FA798318275F598E007E5F0E /* Localizable.strings in Resources */,
				FA32FBC6275CB04500A02E4E /* Assets.xcassets in Resources */,
				FA32FBC4275CB04300A02E4E /* Main.storyboard in Resources */,
			);
			runOnlyForDeploymentPostprocessing = 0;
		};
/* End PBXResourcesBuildPhase section */

/* Begin PBXShellScriptBuildPhase section */
		0F5380DA1BB324769DE7B176 /* [CP] Check Pods Manifest.lock */ = {
			isa = PBXShellScriptBuildPhase;
			buildActionMask = 2147483647;
			files = (
			);
			inputFileListPaths = (
			);
			inputPaths = (
				"${PODS_PODFILE_DIR_PATH}/Podfile.lock",
				"${PODS_ROOT}/Manifest.lock",
			);
			name = "[CP] Check Pods Manifest.lock";
			outputFileListPaths = (
			);
			outputPaths = (
				"$(DERIVED_FILE_DIR)/Pods-Keychain-checkManifestLockResult.txt",
			);
			runOnlyForDeploymentPostprocessing = 0;
			shellPath = /bin/sh;
			shellScript = "diff \"${PODS_PODFILE_DIR_PATH}/Podfile.lock\" \"${PODS_ROOT}/Manifest.lock\" > /dev/null\nif [ $? != 0 ] ; then\n    # print error to STDERR\n    echo \"error: The sandbox is not in sync with the Podfile.lock. Run 'pod install' or update your CocoaPods installation.\" >&2\n    exit 1\nfi\n# This output is used by Xcode 'outputs' to avoid re-running this script phase.\necho \"SUCCESS\" > \"${SCRIPT_OUTPUT_FILE_0}\"\n";
			showEnvVarsInLog = 0;
		};
		9CE5C921D55E58D15C046F1F /* [CP] Embed Pods Frameworks */ = {
			isa = PBXShellScriptBuildPhase;
			buildActionMask = 2147483647;
			files = (
			);
			inputFileListPaths = (
				"${PODS_ROOT}/Target Support Files/Pods-Keychain/Pods-Keychain-frameworks-${CONFIGURATION}-input-files.xcfilelist",
			);
			name = "[CP] Embed Pods Frameworks";
			outputFileListPaths = (
				"${PODS_ROOT}/Target Support Files/Pods-Keychain/Pods-Keychain-frameworks-${CONFIGURATION}-output-files.xcfilelist",
			);
			runOnlyForDeploymentPostprocessing = 0;
			shellPath = /bin/sh;
			shellScript = "\"${PODS_ROOT}/Target Support Files/Pods-Keychain/Pods-Keychain-frameworks.sh\"\n";
			showEnvVarsInLog = 0;
		};
		FA798313275F5578007E5F0E /* ShellScript */ = {
			isa = PBXShellScriptBuildPhase;
			alwaysOutOfDate = 1;
			buildActionMask = 2147483647;
			files = (
			);
			inputFileListPaths = (
			);
			inputPaths = (
			);
			outputFileListPaths = (
			);
			outputPaths = (
				$SRCROOT/R.generated.swift,
			);
			runOnlyForDeploymentPostprocessing = 0;
			shellPath = /bin/sh;
			shellScript = "\"$PODS_ROOT/R.swift/rswift\" generate \"$SRCROOT/R.generated.swift\"\n\n";
		};
/* End PBXShellScriptBuildPhase section */

/* Begin PBXSourcesBuildPhase section */
		FA32FBB5275CB04300A02E4E /* Sources */ = {
			isa = PBXSourcesBuildPhase;
			buildActionMask = 2147483647;
			files = (
				FA32FBBD275CB04300A02E4E /* AppDelegate.swift in Sources */,
				FA32FBD5275CBA0800A02E4E /* SignUp.swift in Sources */,
				FA798315275F5647007E5F0E /* R.generated.swift in Sources */,
				FA32FBBF275CB04300A02E4E /* SceneDelegate.swift in Sources */,
				FA32FBD9275CBA2100A02E4E /* Content.swift in Sources */,
				FA32FBD7275CBA1300A02E4E /* SignIn.swift in Sources */,
				FA32FBE1275CBE0400A02E4E /* KeychainManager.swift in Sources */,
			);
			runOnlyForDeploymentPostprocessing = 0;
		};
/* End PBXSourcesBuildPhase section */

/* Begin PBXVariantGroup section */
		FA32FBC2275CB04300A02E4E /* Main.storyboard */ = {
			isa = PBXVariantGroup;
			children = (
				FA32FBC3275CB04300A02E4E /* Base */,
			);
			name = Main.storyboard;
			sourceTree = "<group>";
		};
		FA32FBC7275CB04500A02E4E /* LaunchScreen.storyboard */ = {
			isa = PBXVariantGroup;
			children = (
				FA32FBC8275CB04500A02E4E /* Base */,
			);
			name = LaunchScreen.storyboard;
			sourceTree = "<group>";
		};
		FA79831A275F598E007E5F0E /* Localizable.strings */ = {
			isa = PBXVariantGroup;
			children = (
				FA798319275F598E007E5F0E /* en */,
				FA79831B275F599D007E5F0E /* ru */,
			);
			name = Localizable.strings;
			sourceTree = "<group>";
		};
/* End PBXVariantGroup section */

/* Begin XCBuildConfiguration section */
		FA32FBCB275CB04500A02E4E /* Debug */ = {
			isa = XCBuildConfiguration;
			buildSettings = {
				ALWAYS_SEARCH_USER_PATHS = NO;
				CLANG_ANALYZER_LOCALIZABILITY_NONLOCALIZED = YES;
				CLANG_ANALYZER_NONNULL = YES;
				CLANG_ANALYZER_NUMBER_OBJECT_CONVERSION = YES_AGGRESSIVE;
				CLANG_CXX_LANGUAGE_STANDARD = "gnu++14";
				CLANG_CXX_LIBRARY = "libc++";
				CLANG_ENABLE_MODULES = YES;
				CLANG_ENABLE_OBJC_ARC = YES;
				CLANG_ENABLE_OBJC_WEAK = YES;
				CLANG_WARN_BLOCK_CAPTURE_AUTORELEASING = YES;
				CLANG_WARN_BOOL_CONVERSION = YES;
				CLANG_WARN_COMMA = YES;
				CLANG_WARN_CONSTANT_CONVERSION = YES;
				CLANG_WARN_DEPRECATED_OBJC_IMPLEMENTATIONS = YES;
				CLANG_WARN_DIRECT_OBJC_ISA_USAGE = YES_ERROR;
				CLANG_WARN_DOCUMENTATION_COMMENTS = YES;
				CLANG_WARN_EMPTY_BODY = YES;
				CLANG_WARN_ENUM_CONVERSION = YES;
				CLANG_WARN_INFINITE_RECURSION = YES;
				CLANG_WARN_INT_CONVERSION = YES;
				CLANG_WARN_NON_LITERAL_NULL_CONVERSION = YES;
				CLANG_WARN_OBJC_IMPLICIT_RETAIN_SELF = YES;
				CLANG_WARN_OBJC_LITERAL_CONVERSION = YES;
				CLANG_WARN_OBJC_ROOT_CLASS = YES_ERROR;
				CLANG_WARN_QUOTED_INCLUDE_IN_FRAMEWORK_HEADER = YES;
				CLANG_WARN_RANGE_LOOP_ANALYSIS = YES;
				CLANG_WARN_STRICT_PROTOTYPES = YES;
				CLANG_WARN_SUSPICIOUS_MOVE = YES;
				CLANG_WARN_UNGUARDED_AVAILABILITY = YES_AGGRESSIVE;
				CLANG_WARN_UNREACHABLE_CODE = YES;
				CLANG_WARN__DUPLICATE_METHOD_MATCH = YES;
				COPY_PHASE_STRIP = NO;
				DEBUG_INFORMATION_FORMAT = dwarf;
				ENABLE_STRICT_OBJC_MSGSEND = YES;
				ENABLE_TESTABILITY = YES;
				GCC_C_LANGUAGE_STANDARD = gnu11;
				GCC_DYNAMIC_NO_PIC = NO;
				GCC_NO_COMMON_BLOCKS = YES;
				GCC_OPTIMIZATION_LEVEL = 0;
				GCC_PREPROCESSOR_DEFINITIONS = (
					"DEBUG=1",
					"$(inherited)",
				);
				GCC_WARN_64_TO_32_BIT_CONVERSION = YES;
				GCC_WARN_ABOUT_RETURN_TYPE = YES_ERROR;
				GCC_WARN_UNDECLARED_SELECTOR = YES;
				GCC_WARN_UNINITIALIZED_AUTOS = YES_AGGRESSIVE;
				GCC_WARN_UNUSED_FUNCTION = YES;
				GCC_WARN_UNUSED_VARIABLE = YES;
				IPHONEOS_DEPLOYMENT_TARGET = 14.5;
				MTL_ENABLE_DEBUG_INFO = INCLUDE_SOURCE;
				MTL_FAST_MATH = YES;
				ONLY_ACTIVE_ARCH = YES;
				SDKROOT = iphoneos;
				SWIFT_ACTIVE_COMPILATION_CONDITIONS = DEBUG;
				SWIFT_OPTIMIZATION_LEVEL = "-Onone";
			};
			name = Debug;
		};
		FA32FBCC275CB04500A02E4E /* Release */ = {
			isa = XCBuildConfiguration;
			buildSettings = {
				ALWAYS_SEARCH_USER_PATHS = NO;
				CLANG_ANALYZER_LOCALIZABILITY_NONLOCALIZED = YES;
				CLANG_ANALYZER_NONNULL = YES;
				CLANG_ANALYZER_NUMBER_OBJECT_CONVERSION = YES_AGGRESSIVE;
				CLANG_CXX_LANGUAGE_STANDARD = "gnu++14";
				CLANG_CXX_LIBRARY = "libc++";
				CLANG_ENABLE_MODULES = YES;
				CLANG_ENABLE_OBJC_ARC = YES;
				CLANG_ENABLE_OBJC_WEAK = YES;
				CLANG_WARN_BLOCK_CAPTURE_AUTORELEASING = YES;
				CLANG_WARN_BOOL_CONVERSION = YES;
				CLANG_WARN_COMMA = YES;
				CLANG_WARN_CONSTANT_CONVERSION = YES;
				CLANG_WARN_DEPRECATED_OBJC_IMPLEMENTATIONS = YES;
				CLANG_WARN_DIRECT_OBJC_ISA_USAGE = YES_ERROR;
				CLANG_WARN_DOCUMENTATION_COMMENTS = YES;
				CLANG_WARN_EMPTY_BODY = YES;
				CLANG_WARN_ENUM_CONVERSION = YES;
				CLANG_WARN_INFINITE_RECURSION = YES;
				CLANG_WARN_INT_CONVERSION = YES;
				CLANG_WARN_NON_LITERAL_NULL_CONVERSION = YES;
				CLANG_WARN_OBJC_IMPLICIT_RETAIN_SELF = YES;
				CLANG_WARN_OBJC_LITERAL_CONVERSION = YES;
				CLANG_WARN_OBJC_ROOT_CLASS = YES_ERROR;
				CLANG_WARN_QUOTED_INCLUDE_IN_FRAMEWORK_HEADER = YES;
				CLANG_WARN_RANGE_LOOP_ANALYSIS = YES;
				CLANG_WARN_STRICT_PROTOTYPES = YES;
				CLANG_WARN_SUSPICIOUS_MOVE = YES;
				CLANG_WARN_UNGUARDED_AVAILABILITY = YES_AGGRESSIVE;
				CLANG_WARN_UNREACHABLE_CODE = YES;
				CLANG_WARN__DUPLICATE_METHOD_MATCH = YES;
				COPY_PHASE_STRIP = NO;
				DEBUG_INFORMATION_FORMAT = "dwarf-with-dsym";
				ENABLE_NS_ASSERTIONS = NO;
				ENABLE_STRICT_OBJC_MSGSEND = YES;
				GCC_C_LANGUAGE_STANDARD = gnu11;
				GCC_NO_COMMON_BLOCKS = YES;
				GCC_WARN_64_TO_32_BIT_CONVERSION = YES;
				GCC_WARN_ABOUT_RETURN_TYPE = YES_ERROR;
				GCC_WARN_UNDECLARED_SELECTOR = YES;
				GCC_WARN_UNINITIALIZED_AUTOS = YES_AGGRESSIVE;
				GCC_WARN_UNUSED_FUNCTION = YES;
				GCC_WARN_UNUSED_VARIABLE = YES;
				IPHONEOS_DEPLOYMENT_TARGET = 14.5;
				MTL_ENABLE_DEBUG_INFO = NO;
				MTL_FAST_MATH = YES;
				SDKROOT = iphoneos;
				SWIFT_COMPILATION_MODE = wholemodule;
				SWIFT_OPTIMIZATION_LEVEL = "-O";
				VALIDATE_PRODUCT = YES;
			};
			name = Release;
		};
		FA32FBCE275CB04500A02E4E /* Debug */ = {
			isa = XCBuildConfiguration;
			baseConfigurationReference = 548E36EE4F8031F36476B081 /* Pods-Keychain.debug.xcconfig */;
			buildSettings = {
				ASSETCATALOG_COMPILER_APPICON_NAME = AppIcon;
				ASSETCATALOG_COMPILER_GLOBAL_ACCENT_COLOR_NAME = AccentColor;
				CODE_SIGN_STYLE = Automatic;
				INFOPLIST_FILE = Keychain/Info.plist;
				LD_RUNPATH_SEARCH_PATHS = (
					"$(inherited)",
					"@executable_path/Frameworks",
				);
				PRODUCT_BUNDLE_IDENTIFIER = com.NYIT.Keychain;
				PRODUCT_NAME = "$(TARGET_NAME)";
				SKIP_INSTALL = NO;
				SWIFT_VERSION = 5.0;
				TARGETED_DEVICE_FAMILY = "1,2";
			};
			name = Debug;
		};
		FA32FBCF275CB04500A02E4E /* Release */ = {
			isa = XCBuildConfiguration;
			baseConfigurationReference = 92045FF0EBF6D15023D01567 /* Pods-Keychain.release.xcconfig */;
			buildSettings = {
				ASSETCATALOG_COMPILER_APPICON_NAME = AppIcon;
				ASSETCATALOG_COMPILER_GLOBAL_ACCENT_COLOR_NAME = AccentColor;
				CODE_SIGN_STYLE = Automatic;
				INFOPLIST_FILE = Keychain/Info.plist;
				LD_RUNPATH_SEARCH_PATHS = (
					"$(inherited)",
					"@executable_path/Frameworks",
				);
				PRODUCT_BUNDLE_IDENTIFIER = com.NYIT.Keychain;
				PRODUCT_NAME = "$(TARGET_NAME)";
				SKIP_INSTALL = NO;
				SWIFT_VERSION = 5.0;
				TARGETED_DEVICE_FAMILY = "1,2";
			};
			name = Release;
		};
/* End XCBuildConfiguration section */

/* Begin XCConfigurationList section */
		FA32FBB4275CB04300A02E4E /* Build configuration list for PBXProject "Keychain" */ = {
			isa = XCConfigurationList;
			buildConfigurations = (
				FA32FBCB275CB04500A02E4E /* Debug */,
				FA32FBCC275CB04500A02E4E /* Release */,
			);
			defaultConfigurationIsVisible = 0;
			defaultConfigurationName = Release;
		};
		FA32FBCD275CB04500A02E4E /* Build configuration list for PBXNativeTarget "Keychain" */ = {
			isa = XCConfigurationList;
			buildConfigurations = (
				FA32FBCE275CB04500A02E4E /* Debug */,
				FA32FBCF275CB04500A02E4E /* Release */,
			);
			defaultConfigurationIsVisible = 0;
			defaultConfigurationName = Release;
		};
/* End XCConfigurationList section */
	};
	rootObject = FA32FBB1275CB04300A02E4E /* Project object */;
}
